
Microsoft Visual Studio Solution File, Format Version 12.00
# Visual Studio Version 17
VisualStudioVersion = 17.8.34408.163
MinimumVisualStudioVersion = 10.0.40219.1
Project("{FAE04EC0-301F-11D3-BF4B-00C04F79EFBC}") = "OcelotGatewayExample", "OcelotGatewayExample\OcelotGatewayExample.csproj", "{E347F4A9-FE84-4D30-8A3A-B595625FAB58}"
EndProject
Project("{2150E333-8FDC-42A3-9474-1A3956D46DE8}") = "Microservices", "Microservices", "{37A16E4B-8B69-4159-9780-FA4D7CB91AD4}"
EndProject
Project("{FAE04EC0-301F-11D3-BF4B-00C04F79EFBC}") = "ProductAPI", "ProductAPI\ProductAPI.csproj", "{D4397488-6A41-427E-AE77-16D34FC9E07C}"
EndProject
Project("{FAE04EC0-301F-11D3-BF4B-00C04F79EFBC}") = "UserAPI", "UserAPI\UserAPI.csproj", "{F99720E3-7098-4F7B-8BAE-4DEBC09E3E5C}"
EndProject
Global
	GlobalSection(SolutionConfigurationPlatforms) = preSolution
		Debug|Any CPU = Debug|Any CPU
		Release|Any CPU = Release|Any CPU
	EndGlobalSection
	GlobalSection(ProjectConfigurationPlatforms) = postSolution
		{E347F4A9-FE84-4D30-8A3A-B595625FAB58}.Debug|Any CPU.ActiveCfg = Debug|Any CPU
		{E347F4A9-FE84-4D30-8A3A-B595625FAB58}.Debug|Any CPU.Build.0 = Debug|Any CPU
		{E347F4A9-FE84-4D30-8A3A-B595625FAB58}.Release|Any CPU.ActiveCfg = Release|Any CPU
		{E347F4A9-FE84-4D30-8A3A-B595625FAB58}.Release|Any CPU.Build.0 = Release|Any CPU
		{D4397488-6A41-427E-AE77-16D34FC9E07C}.Debug|Any CPU.ActiveCfg = Debug|Any CPU
		{D4397488-6A41-427E-AE77-16D34FC9E07C}.Debug|Any CPU.Build.0 = Debug|Any CPU
		{D4397488-6A41-427E-AE77-16D34FC9E07C}.Release|Any CPU.ActiveCfg = Release|Any CPU
		{D4397488-6A41-427E-AE77-16D34FC9E07C}.Release|Any CPU.Build.0 = Release|Any CPU
		{F99720E3-7098-4F7B-8BAE-4DEBC09E3E5C}.Debug|Any CPU.ActiveCfg = Debug|Any CPU
		{F99720E3-7098-4F7B-8BAE-4DEBC09E3E5C}.Debug|Any CPU.Build.0 = Debug|Any CPU
		{F99720E3-7098-4F7B-8BAE-4DEBC09E3E5C}.Release|Any CPU.ActiveCfg = Release|Any CPU
		{F99720E3-7098-4F7B-8BAE-4DEBC09E3E5C}.Release|Any CPU.Build.0 = Release|Any CPU
	EndGlobalSection
	GlobalSection(SolutionProperties) = preSolution
		HideSolutionNode = FALSE
	EndGlobalSection
	GlobalSection(NestedProjects) = preSolution
		{D4397488-6A41-427E-AE77-16D34FC9E07C} = {37A16E4B-8B69-4159-9780-FA4D7CB91AD4}
		{F99720E3-7098-4F7B-8BAE-4DEBC09E3E5C} = {37A16E4B-8B69-4159-9780-FA4D7CB91AD4}
	EndGlobalSection
	GlobalSection(ExtensibilityGlobals) = postSolution
		SolutionGuid = {4115342E-C83F-4B0A-913B-0AA13B116EEB}
	EndGlobalSection
EndGlobal
